
Microsoft Visual Studio Solution File, Format Version 12.00
# Visual Studio 14
VisualStudioVersion = 14.0.25420.1
MinimumVisualStudioVersion = 10.0.40219.1
Project("{FAE04EC0-301F-11D3-BF4B-00C04F79EFBC}") = "WorkerTest", "WorkerTest\WorkerTest.csproj", "{271270E7-0DFB-4C4A-9828-7626640E4064}"
EndProject
Project("{FAE04EC0-301F-11D3-BF4B-00C04F79EFBC}") = "Workers", "Workers\Workers.csproj", "{5F37C3F4-5946-46A5-9E86-145B3969775E}"
EndProject
Project("{FAE04EC0-301F-11D3-BF4B-00C04F79EFBC}") = "SET.IR.Worker.Core", "SET.IR.Worker.Core\SET.IR.Worker.Core.csproj", "{C41A0D97-79D0-4C46-9539-B703CECF0C68}"
EndProject
Project("{FAE04EC0-301F-11D3-BF4B-00C04F79EFBC}") = "MongoTests", "MongoTests\MongoTests.csproj", "{52652F19-5FE0-4DE7-BFA3-0CB13A4901A8}"
EndProject
Project("{FAE04EC0-301F-11D3-BF4B-00C04F79EFBC}") = "RabbitDemo", "RabbitDemo\RabbitDemo.csproj", "{E47842AA-4A76-4AC0-854D-4096C7E79879}"
EndProject
Project("{FAE04EC0-301F-11D3-BF4B-00C04F79EFBC}") = "SET.IR.CacheSystem", "SET.IR.CacheSystem\SET.IR.CacheSystem.csproj", "{A471B701-437D-4CF3-889B-F9C88BB0818A}"
EndProject
Project("{FAE04EC0-301F-11D3-BF4B-00C04F79EFBC}") = "SET.IR.Worker.Core.Tests", "SET.IR.Worker.Core.Tests\SET.IR.Worker.Core.Tests.csproj", "{86A76BDD-E69D-43DD-9F75-72C0ED2564C2}"
EndProject
Global
	GlobalSection(SolutionConfigurationPlatforms) = preSolution
		Debug|Any CPU = Debug|Any CPU
		Release|Any CPU = Release|Any CPU
	EndGlobalSection
	GlobalSection(ProjectConfigurationPlatforms) = postSolution
		{271270E7-0DFB-4C4A-9828-7626640E4064}.Debug|Any CPU.ActiveCfg = Debug|Any CPU
		{271270E7-0DFB-4C4A-9828-7626640E4064}.Debug|Any CPU.Build.0 = Debug|Any CPU
		{271270E7-0DFB-4C4A-9828-7626640E4064}.Release|Any CPU.ActiveCfg = Release|Any CPU
		{271270E7-0DFB-4C4A-9828-7626640E4064}.Release|Any CPU.Build.0 = Release|Any CPU
		{5F37C3F4-5946-46A5-9E86-145B3969775E}.Debug|Any CPU.ActiveCfg = Debug|Any CPU
		{5F37C3F4-5946-46A5-9E86-145B3969775E}.Debug|Any CPU.Build.0 = Debug|Any CPU
		{5F37C3F4-5946-46A5-9E86-145B3969775E}.Release|Any CPU.ActiveCfg = Release|Any CPU
		{5F37C3F4-5946-46A5-9E86-145B3969775E}.Release|Any CPU.Build.0 = Release|Any CPU
		{C41A0D97-79D0-4C46-9539-B703CECF0C68}.Debug|Any CPU.ActiveCfg = Debug|Any CPU
		{C41A0D97-79D0-4C46-9539-B703CECF0C68}.Debug|Any CPU.Build.0 = Debug|Any CPU
		{C41A0D97-79D0-4C46-9539-B703CECF0C68}.Release|Any CPU.ActiveCfg = Release|Any CPU
		{C41A0D97-79D0-4C46-9539-B703CECF0C68}.Release|Any CPU.Build.0 = Release|Any CPU
		{52652F19-5FE0-4DE7-BFA3-0CB13A4901A8}.Debug|Any CPU.ActiveCfg = Debug|Any CPU
		{52652F19-5FE0-4DE7-BFA3-0CB13A4901A8}.Debug|Any CPU.Build.0 = Debug|Any CPU
		{52652F19-5FE0-4DE7-BFA3-0CB13A4901A8}.Release|Any CPU.ActiveCfg = Release|Any CPU
		{52652F19-5FE0-4DE7-BFA3-0CB13A4901A8}.Release|Any CPU.Build.0 = Release|Any CPU
		{E47842AA-4A76-4AC0-854D-4096C7E79879}.Debug|Any CPU.ActiveCfg = Debug|Any CPU
		{E47842AA-4A76-4AC0-854D-4096C7E79879}.Debug|Any CPU.Build.0 = Debug|Any CPU
		{E47842AA-4A76-4AC0-854D-4096C7E79879}.Release|Any CPU.ActiveCfg = Release|Any CPU
		{E47842AA-4A76-4AC0-854D-4096C7E79879}.Release|Any CPU.Build.0 = Release|Any CPU
		{A471B701-437D-4CF3-889B-F9C88BB0818A}.Debug|Any CPU.ActiveCfg = Debug|Any CPU
		{A471B701-437D-4CF3-889B-F9C88BB0818A}.Debug|Any CPU.Build.0 = Debug|Any CPU
		{A471B701-437D-4CF3-889B-F9C88BB0818A}.Release|Any CPU.ActiveCfg = Release|Any CPU
		{A471B701-437D-4CF3-889B-F9C88BB0818A}.Release|Any CPU.Build.0 = Release|Any CPU
		{86A76BDD-E69D-43DD-9F75-72C0ED2564C2}.Debug|Any CPU.ActiveCfg = Debug|Any CPU
		{86A76BDD-E69D-43DD-9F75-72C0ED2564C2}.Debug|Any CPU.Build.0 = Debug|Any CPU
		{86A76BDD-E69D-43DD-9F75-72C0ED2564C2}.Release|Any CPU.ActiveCfg = Release|Any CPU
		{86A76BDD-E69D-43DD-9F75-72C0ED2564C2}.Release|Any CPU.Build.0 = Release|Any CPU
	EndGlobalSection
	GlobalSection(SolutionProperties) = preSolution
		HideSolutionNode = FALSE
	EndGlobalSection
EndGlobal
